
Microsoft Visual Studio Solution File, Format Version 12.00
# Visual Studio 15
VisualStudioVersion = 15.0.27130.2026
MinimumVisualStudioVersion = 10.0.40219.1
Project("{FAE04EC0-301F-11D3-BF4B-00C04F79EFBC}") = "Encode.API", "Encode.API\Encode.API.csproj", "{B6B19088-D57A-46CE-B79B-A8F689224C12}"
EndProject
Project("{FAE04EC0-301F-11D3-BF4B-00C04F79EFBC}") = "Encode.Model", "Encode.Model\Encode.Model.csproj", "{13810CDD-78DD-4720-AAB2-B488BCE586F5}"
EndProject
Project("{FAE04EC0-301F-11D3-BF4B-00C04F79EFBC}") = "Encode.UnitTests", "Encode.UnitTests\Encode.UnitTests.csproj", "{AEF95E95-CDB2-4C3B-919A-E75F3327853F}"
EndProject
Project("{FAE04EC0-301F-11D3-BF4B-00C04F79EFBC}") = "Encode.Client", "Encode.Client\Encode.Client.csproj", "{FEB8B93F-D317-4B37-9ECD-362F7F002E94}"
EndProject
Global
	GlobalSection(SolutionConfigurationPlatforms) = preSolution
		Debug|Any CPU = Debug|Any CPU
		Release|Any CPU = Release|Any CPU
	EndGlobalSection
	GlobalSection(ProjectConfigurationPlatforms) = postSolution
		{B6B19088-D57A-46CE-B79B-A8F689224C12}.Debug|Any CPU.ActiveCfg = Debug|Any CPU
		{B6B19088-D57A-46CE-B79B-A8F689224C12}.Debug|Any CPU.Build.0 = Debug|Any CPU
		{B6B19088-D57A-46CE-B79B-A8F689224C12}.Release|Any CPU.ActiveCfg = Release|Any CPU
		{B6B19088-D57A-46CE-B79B-A8F689224C12}.Release|Any CPU.Build.0 = Release|Any CPU
		{13810CDD-78DD-4720-AAB2-B488BCE586F5}.Debug|Any CPU.ActiveCfg = Debug|Any CPU
		{13810CDD-78DD-4720-AAB2-B488BCE586F5}.Debug|Any CPU.Build.0 = Debug|Any CPU
		{13810CDD-78DD-4720-AAB2-B488BCE586F5}.Release|Any CPU.ActiveCfg = Release|Any CPU
		{13810CDD-78DD-4720-AAB2-B488BCE586F5}.Release|Any CPU.Build.0 = Release|Any CPU
		{AEF95E95-CDB2-4C3B-919A-E75F3327853F}.Debug|Any CPU.ActiveCfg = Debug|Any CPU
		{AEF95E95-CDB2-4C3B-919A-E75F3327853F}.Debug|Any CPU.Build.0 = Debug|Any CPU
		{AEF95E95-CDB2-4C3B-919A-E75F3327853F}.Release|Any CPU.ActiveCfg = Release|Any CPU
		{AEF95E95-CDB2-4C3B-919A-E75F3327853F}.Release|Any CPU.Build.0 = Release|Any CPU
		{FEB8B93F-D317-4B37-9ECD-362F7F002E94}.Debug|Any CPU.ActiveCfg = Debug|Any CPU
		{FEB8B93F-D317-4B37-9ECD-362F7F002E94}.Debug|Any CPU.Build.0 = Debug|Any CPU
		{FEB8B93F-D317-4B37-9ECD-362F7F002E94}.Release|Any CPU.ActiveCfg = Release|Any CPU
		{FEB8B93F-D317-4B37-9ECD-362F7F002E94}.Release|Any CPU.Build.0 = Release|Any CPU
	EndGlobalSection
	GlobalSection(SolutionProperties) = preSolution
		HideSolutionNode = FALSE
	EndGlobalSection
	GlobalSection(ExtensibilityGlobals) = postSolution
		SolutionGuid = {15A5C553-394F-46FB-BEDA-07CA3EEB1BD7}
	EndGlobalSection
EndGlobal
